github.com/araddon/dateparse v0.0.0-20190223010137-262228af701e h1:OnnRK2k3we438w+EZ8uDq+lIkjJ7QuPOnkNlyYkiBnU=
github.com/araddon/dateparse v0.0.0-20190223010137-262228af701e/go.mod h1:SLqhdZcd+dF3TEVL2RMoob5bBP5R1P1qkox+HtCBgGI=
github.com/araddon/dateparse v0.0.0-20200409225146-d820a6159ab1 h1:TEBmxO80TM04L8IuMWk77SGL1HomBmKTdzdJLLWznxI=
github.com/araddon/dateparse v0.0.0-20200409225146-d820a6159ab1/go.mod h1:SLqhdZcd+dF3TEVL2RMoob5bBP5R1P1qkox+HtCBgGI=
github.com/creack/pty v1.1.9/go.mod h1:oKZEueFk5CKHvIhNR5MUki03XCEU+Q6VDXinZuGJ33E=
github.com/davecgh/go-spew v1.1.0 h1:ZDRjVQ15GmhC3fiQ8ni8+OwkZQO4DARzQgrnXU1Liz8=
github.com/davecgh/go-spew v1.1.0/go.mod h1:J7Y8YcW2NihsgmVo/mv3lAwl/skON4iLHjSsI+c5H38=
github.com/davecgh/go-spew v1.1.1 h1:vj9j/u1bqnvCEfJOwUhtlOARqs3+rkHYY13jYWTU97c=
github.com/davecgh/go-spew v1.1.1/go.mod h1:J7Y8YcW2NihsgmVo/mv3lAwl/skON4iLHjSsI+c5H38=
github.com/gopherjs/gopherjs v0.0.0-20181017120253-0766667cb4d1 h1:EGx4pi6eqNxGaHF6qqu48+N2wcFQ5qg5FXgOdqsJ5d8=
github.com/gopherjs/gopherjs v0.0.0-20181017120253-0766667cb4d1/go.mod h1:wJfORRmW1u3UXTncJ5qlYoELFm8eSnnEO6hX4iZ3EWY=
github.com/gopherjs/gopherjs v0.0.0-20200217142428-fce0ec30dd00 h1:l5lAOZEym3oK3SQ2HBHWsJUfbNBiTXJDeW2QDxw9AQ0=
github.com/gopherjs/gopherjs v0.0.0-20200217142428-fce0ec30dd00/go.mod h1:wJfORRmW1u3UXTncJ5qlYoELFm8eSnnEO6hX4iZ3EWY=
github.com/jtolds/gls v4.20.0+incompatible h1:xdiiI2gbIgH/gLH7ADydsJ1uDOEzR8yvV7C0MuV77Wo=
github.com/jtolds/gls v4.20.0+incompatible/go.mod h1:QJZ7F/aHp+rZTRtaJ1ow/lLfFfVYBRgL+9YlvaHOwJU=
github.com/kr/pty v1.1.1/go.mod h1:pFQYn66WHrOpPYNljwOMqo10TkYh1fy3cYio2l3bCsQ=
github.com/kr/text v0.1.0 h1:45sCR5RtlFHMR4UwH9sdQ5TC8v0qDQCHnXt+kaKSTVE=
github.com/kr/text v0.1.0/go.mod h1:4Jbv+DJW3UT/LiOwJeYQe1efqtUx/iVham/4vfdArNI=
github.com/kr/text v0.2.0 h1:5Nx0Ya0ZqY2ygV366QzturHI13Jq95ApcVaJBhpS+AY=
github.com/kr/text v0.2.0/go.mod h1:eLer722TekiGuMkidMxC/pM04lWEeraHUUmBw8l2grE=
github.com/likexian/gokit v0.23.1 h1:1P6J3d4r2D+V1C4xbdxm/pWP+L502CoHe5ttZsniHWM=
github.com/likexian/gokit v0.23.1/go.mod h1:/asXq96N3H5gVxyfyNuQO7HFoSorzcU+ZMEImyBGZB8=
github.com/likexian/gokit v0.23.2 h1:Oi8eW23C7/WMY4+O9ejb96Vve+gF8vXDbv1ir+wr94o=
github.com/likexian/gokit v0.23.2/go.mod h1:/asXq96N3H5gVxyfyNuQO7HFoSorzcU+ZMEImyBGZB8=
github.com/likexian/whois-go v1.0.1 h1:Ke6TwMGFFMJrBUHEno7kr+nW780bSyxRQsbhtmlqy8o=
github.com/likexian/whois-go v1.0.1/go.mod h1:7RnKIyyjk/pMQqJSnuCm4Dh1QRJ+XDaJ5cifqBQUCLE=
github.com/likexian/whois-go v1.6.0 h1:TCw6ULSoo9cO4ZRbciBgR3Ftk0MKXnxIfCHx9Fa8TGI=
github.com/likexian/whois-go v1.6.0/go.mod h1:vczXVMiHUp5OlIg3mlrEGS92gSBuNg/VsU53MmBtV9c=
github.com/likexian/whois-parser-go v0.0.0-20190215070204-720b2d82ffd1 h1:d5fIac43p8F5dR1jfnLJWPpB1Kg1CZf5vkBBXU6LWNQ=
github.com/likexian/whois-parser-go v0.0.0-20190215070204-720b2d82ffd1/go.mod h1:fB4toQCXFSftfOtuvKRhK8labXPZQUhZ2NXpRif8A5I=
github.com/likexian/whois-parser-go v1.14.2 h1:PAmYMyKK70m6bMr2ORqS4rge1IkO4SzhSDdyKHLLCEg=
github.com/likexian/whois-parser-go v1.14.2/go.mod h1:BQSxU2hZDW/VGA/Bl4OX8EaABvOJcAi9LSVjubO5V2Y=
github.com/newrelic/go_nagios v0.0.0-20140520045049-a637e544c778 h1:LfG2CZlMxh21n0cRT9TXE34PC+HU4cVx5gCcTlISUHo=
github.com/newrelic/go_nagios v0.0.0-20140520045049-a637e544c778/go.mod h1:QEz1y7b/0cbjACKoW/NjXbDDoneQwhuh2wJzZJ/JVxY=
github.com/newrelic/go_nagios v0.0.0-20200331200147-551b6ed9ebd4 h1:0eWdjwyLRXBITeDfhbSp1g17AxSBY/OixKZA3hpnwjk=
github.com/newrelic/go_nagios v0.0.0-20200331200147-551b6ed9ebd4/go.mod h1:QEz1y7b/0cbjACKoW/NjXbDDoneQwhuh2wJzZJ/JVxY=
github.com/niemeyer/pretty v0.0.0-20200227124842-a10e7caefd8e h1:fD57ERR4JtEqsWbfPhv4DMiApHyliiK5xCTNVSPiaAs=
github.com/niemeyer/pretty v0.0.0-20200227124842-a10e7caefd8e/go.mod h1:zD1mROLANZcx1PVRCS0qkT7pwLkGfwJo4zjcN/Tysno=
github.com/pmezard/go-difflib v1.0.0 h1:4DBwDE0NGyQoBHbLQYPwSUPoCMWR5BEzIk/f1lZbAQM=
github.com/pmezard/go-difflib v1.0.0/go.mod h1:iKH77koFhYxTK1pcRnkKkqfTogsbg7gZNVY4sRDYZ/4=
github.com/simplereach/timeutils v1.2.0 h1:btgOAlu9RW6de2r2qQiONhjgxdAG7BL6je0G6J/yPnA=
github.com/simplereach/timeutils v1.2.0/go.mod h1:VVbQDfN/FHRZa1LSqcwo4kNZ62OOyqLLGQKYB3pB0Q8=
github.com/smartystreets/assertions v0.0.0-20180927180507-b2de0cb4f26d h1:zE9ykElWQ6/NYmHa3jpm/yHnI4xSofP+UP6SpjHcSeM=
github.com/smartystreets/assertions v0.0.0-20180927180507-b2de0cb4f26d/go.mod h1:OnSkiWE9lh6wB0YB77sQom3nweQdgAjqCqsofrRNTgc=
github.com/smartystreets/assertions v1.1.0 h1:MkTeG1DMwsrdH7QtLXy5W+fUxWq+vmb6cLmyJ7aRtF0=
github.com/smartystreets/assertions v1.1.0/go.mod h1:tcbTF8ujkAEcZ8TElKY+i30BzYlVhC/LOxJk7iOWnoo=
github.com/smartystreets/goconvey v1.6.4 h1:fv0U8FUIMPNf1L9lnHLvLhgicrIVChEkdzIKYqbNC9s=
github.com/smartystreets/goconvey v1.6.4/go.mod h1:syvi0/a8iFYH4r/RixwvyeAJjdLS9QV7WQ/tjFTllLA=
github.com/stretchr/objx v0.1.0/go.mod h1:HFkY916IF+rwdDfMAkV7OtwuqBVzrE8GR6GFx+wExME=
github.com/stretchr/testify v1.5.1 h1:nOGnQDM7FYENwehXlg/kFVnos3rEvtKTjRvOWSzb6H4=
github.com/stretchr/testify v1.5.1/go.mod h1:5W2xD1RspED5o8YsWQXVCued0rvSQ+mT+I5cxcmMvtA=
golang.org/x/crypto v0.0.0-20190308221718-c2843e01d9a2/go.mod h1:djNgcEr1/C05ACkg1iLfiJU5Ep61QUkGW8qpdssI0+w=
golang.org/x/net v0.0.0-20190311183353-d8887717615a/go.mod h1:t9HGtf8HONx5eT2rtn7q6eTqICYqUVnKs3thJo3Qplg=
golang.org/x/sys v0.0.0-20190215142949-d0b11bdaac8a/go.mod h1:STP8DvDyc/dI5b8T5hshtkjS+E42TnysNCUPdjciGhY=
golang.org/x/text v0.3.0/go.mod h1:NqM8EUOU14njkJ3fqMW+pc6Ldnwhi/IjpwHt7yyuwOQ=
golang.org/x/tools v0.0.0-20190328211700-ab21143f2384/go.mod h1:LCzVGOaR6xXOjkQ3onu1FJEFr0SW1gC7cKk1uF8kGRs=
gopkg.in/check.v1 v0.0.0-20161208181325-20d25e280405 h1:yhCVgyC4o1eVCa2tZl7eS0r+SDo693bJlVdllGtEeKM=
gopkg.in/check.v1 v0.0.0-20161208181325-20d25e280405/go.mod h1:Co6ibVJAznAaIkqp8huTwlJQCZ016jof/cbN4VW5Yz0=
gopkg.in/check.v1 v1.0.0-20200227125254-8fa46927fb4f h1:BLraFXnmrev5lT+xlilqcH8XK9/i0At2xKjWk4p6zsU=
gopkg.in/check.v1 v1.0.0-20200227125254-8fa46927fb4f/go.mod h1:Co6ibVJAznAaIkqp8huTwlJQCZ016jof/cbN4VW5Yz0=
gopkg.in/mgo.v2 v2.0.0-20190816093944-a6b53ec6cb22 h1:VpOs+IwYnYBaFnrNAeB8UUWtL3vEUnzSCL1nVjPhqrw=
gopkg.in/mgo.v2 v2.0.0-20190816093944-a6b53ec6cb22/go.mod h1:yeKp02qBN3iKW1OzL3MGk2IdtZzaj7SFntXj72NppTA=
gopkg.in/yaml.v2 v2.2.2 h1:ZCJp+EgiOT7lHqUV2J862kp8Qj64Jo6az82+3Td9dZw=
gopkg.in/yaml.v2 v2.2.2/go.mod h1:hI93XBmqTisBFMUTm0b8Fm+jr3Dg1NNxqwp+5A1VGuI=
gopkg.in/yaml.v2 v2.2.8 h1:obN1ZagJSUGI0Ek/LBmuj4SNLPfIny3KsKFopxRdj10=
gopkg.in/yaml.v2 v2.2.8/go.mod h1:hI93XBmqTisBFMUTm0b8Fm+jr3Dg1NNxqwp+5A1VGuI=
