github.com/araddon/dateparse v0.0.0-20190223010137-262228af701e h1:OnnRK2k3we438w+EZ8uDq+lIkjJ7QuPOnkNlyYkiBnU=
github.com/araddon/dateparse v0.0.0-20190223010137-262228af701e/go.mod h1:SLqhdZcd+dF3TEVL2RMoob5bBP5R1P1qkox+HtCBgGI=
github.com/likexian/whois-go v1.0.1 h1:Ke6TwMGFFMJrBUHEno7kr+nW780bSyxRQsbhtmlqy8o=
github.com/likexian/whois-go v1.0.1/go.mod h1:7RnKIyyjk/pMQqJSnuCm4Dh1QRJ+XDaJ5cifqBQUCLE=
github.com/likexian/whois-parser-go v0.0.0-20190215070204-720b2d82ffd1 h1:d5fIac43p8F5dR1jfnLJWPpB1Kg1CZf5vkBBXU6LWNQ=
github.com/likexian/whois-parser-go v0.0.0-20190215070204-720b2d82ffd1/go.mod h1:fB4toQCXFSftfOtuvKRhK8labXPZQUhZ2NXpRif8A5I=
github.com/newrelic/go_nagios v0.0.0-20140520045049-a637e544c778 h1:LfG2CZlMxh21n0cRT9TXE34PC+HU4cVx5gCcTlISUHo=
github.com/newrelic/go_nagios v0.0.0-20140520045049-a637e544c778/go.mod h1:QEz1y7b/0cbjACKoW/NjXbDDoneQwhuh2wJzZJ/JVxY=
